github.com/firepear/thrasher-music-catalog v0.8.5 h1:eysvWTNt3dg7TkNN9rd9K7KGtP1CI87GMMMYohHpPGQ=
github.com/firepear/thrasher-music-catalog v0.8.5/go.mod h1:CJmEIRpdhpB0/xDqZh/b5wrv7aSuCn//rdavjoBYv0U=
github.com/mattn/go-sqlite3 v1.14.28 h1:ThEiQrnbtumT+QMknw63Befp/ce/nUPgBPMlRFEum7A=
github.com/mattn/go-sqlite3 v1.14.28/go.mod h1:Uh1q+B4BYcTPb+yiD3kU8Ct7aC0hY9fxUwlHK0RXw+Y=
